// !$*UTF8*$!
{
	archiveVersion = 1;
	classes = {
	};
	objectVersion = 51;
	objects = {

/* Begin PBXBuildFile section */
		0531216023F12728008E6695 /* menuItem.swift in Sources */ = {isa = PBXBuildFile; fileRef = 0531215F23F12728008E6695 /* menuItem.swift */; };
		0531216223F12867008E6695 /* menuItems.swift in Sources */ = {isa = PBXBuildFile; fileRef = 0531216123F12867008E6695 /* menuItems.swift */; };
		053FF77923F44C4400CB4BED /* menuItemCell.swift in Sources */ = {isa = PBXBuildFile; fileRef = 053FF77823F44C4400CB4BED /* menuItemCell.swift */; };
		05B49DF423F8679A0048CE9B /* coreDataHelper.swift in Sources */ = {isa = PBXBuildFile; fileRef = 05B49DF323F8679A0048CE9B /* coreDataHelper.swift */; };
		05B49DF823F869750048CE9B /* VisitedRoomsMO+CoreDataClass.swift in Sources */ = {isa = PBXBuildFile; fileRef = 05B49DF623F869750048CE9B /* VisitedRoomsMO+CoreDataClass.swift */; };
		05B49DF923F869750048CE9B /* VisitedRoomsMO+CoreDataProperties.swift in Sources */ = {isa = PBXBuildFile; fileRef = 05B49DF723F869750048CE9B /* VisitedRoomsMO+CoreDataProperties.swift */; };
		05DB389A23F51A27008A4652 /* SettingsViewController.swift in Sources */ = {isa = PBXBuildFile; fileRef = 05DB389923F51A27008A4652 /* SettingsViewController.swift */; };
		05DB389C23F51BAD008A4652 /* LocationAuthViewController.swift in Sources */ = {isa = PBXBuildFile; fileRef = 05DB389B23F51BAD008A4652 /* LocationAuthViewController.swift */; };
		05DB389E23F51C37008A4652 /* BeaconDiscoveryViewController.swift in Sources */ = {isa = PBXBuildFile; fileRef = 05DB389D23F51C37008A4652 /* BeaconDiscoveryViewController.swift */; };
		05F4D26C23DCD0B500EC630D /* AppDelegate.swift in Sources */ = {isa = PBXBuildFile; fileRef = 05F4D26B23DCD0B500EC630D /* AppDelegate.swift */; };
		05F4D26E23DCD0B500EC630D /* SceneDelegate.swift in Sources */ = {isa = PBXBuildFile; fileRef = 05F4D26D23DCD0B500EC630D /* SceneDelegate.swift */; };
		05F4D27023DCD0B500EC630D /* NavigationViewController.swift in Sources */ = {isa = PBXBuildFile; fileRef = 05F4D26F23DCD0B500EC630D /* NavigationViewController.swift */; };
		05F4D27323DCD0B500EC630D /* Main.storyboard in Resources */ = {isa = PBXBuildFile; fileRef = 05F4D27123DCD0B500EC630D /* Main.storyboard */; };
		05F4D27623DCD0B500EC630D /* _1819_Mobile.xcdatamodeld in Sources */ = {isa = PBXBuildFile; fileRef = 05F4D27423DCD0B500EC630D /* _1819_Mobile.xcdatamodeld */; };
		05F4D27823DCD0B700EC630D /* Assets.xcassets in Resources */ = {isa = PBXBuildFile; fileRef = 05F4D27723DCD0B700EC630D /* Assets.xcassets */; };
		05F4D27B23DCD0B700EC630D /* LaunchScreen.storyboard in Resources */ = {isa = PBXBuildFile; fileRef = 05F4D27923DCD0B700EC630D /* LaunchScreen.storyboard */; };
		05FA2EDE23F5E4F9003460DD /* RegistrationViewController.swift in Sources */ = {isa = PBXBuildFile; fileRef = 05FA2EDD23F5E4F9003460DD /* RegistrationViewController.swift */; };
		05FA2EE023F65671003460DD /* validationHelper.swift in Sources */ = {isa = PBXBuildFile; fileRef = 05FA2EDF23F65671003460DD /* validationHelper.swift */; };
		05FC58F223FBAA7C00019129 /* FloorsMO+CoreDataClass.swift in Sources */ = {isa = PBXBuildFile; fileRef = 05FC58EC23FBAA7C00019129 /* FloorsMO+CoreDataClass.swift */; };
		05FC58F323FBAA7C00019129 /* FloorsMO+CoreDataProperties.swift in Sources */ = {isa = PBXBuildFile; fileRef = 05FC58ED23FBAA7C00019129 /* FloorsMO+CoreDataProperties.swift */; };
		05FC58F423FBAA7C00019129 /* PhotosMO+CoreDataClass.swift in Sources */ = {isa = PBXBuildFile; fileRef = 05FC58EE23FBAA7C00019129 /* PhotosMO+CoreDataClass.swift */; };
		05FC58F523FBAA7C00019129 /* PhotosMO+CoreDataProperties.swift in Sources */ = {isa = PBXBuildFile; fileRef = 05FC58EF23FBAA7C00019129 /* PhotosMO+CoreDataProperties.swift */; };
		05FC58F623FBAA7C00019129 /* RoomsMO+CoreDataClass.swift in Sources */ = {isa = PBXBuildFile; fileRef = 05FC58F023FBAA7C00019129 /* RoomsMO+CoreDataClass.swift */; };
		05FC58F723FBAA7C00019129 /* RoomsMO+CoreDataProperties.swift in Sources */ = {isa = PBXBuildFile; fileRef = 05FC58F123FBAA7C00019129 /* RoomsMO+CoreDataProperties.swift */; };
		05FC58FA23FBADE800019129 /* FloorAndRoomData.json in Resources */ = {isa = PBXBuildFile; fileRef = 05FC58F923FBADE800019129 /* FloorAndRoomData.json */; };
		77BAD09BDB78CF5205D59B51 /* Pods__1819_Mobile.framework in Frameworks */ = {isa = PBXBuildFile; fileRef = 697D436175F2488C48BDE1F7 /* Pods__1819_Mobile.framework */; };
/* End PBXBuildFile section */

/* Begin PBXFileReference section */
		0531215F23F12728008E6695 /* menuItem.swift */ = {isa = PBXFileReference; lastKnownFileType = sourcecode.swift; path = menuItem.swift; sourceTree = "<group>"; };
		0531216123F12867008E6695 /* menuItems.swift */ = {isa = PBXFileReference; lastKnownFileType = sourcecode.swift; path = menuItems.swift; sourceTree = "<group>"; };
		053FF77823F44C4400CB4BED /* menuItemCell.swift */ = {isa = PBXFileReference; lastKnownFileType = sourcecode.swift; path = menuItemCell.swift; sourceTree = "<group>"; };
		05B49DF323F8679A0048CE9B /* coreDataHelper.swift */ = {isa = PBXFileReference; lastKnownFileType = sourcecode.swift; path = coreDataHelper.swift; sourceTree = "<group>"; };
		05B49DF623F869750048CE9B /* VisitedRoomsMO+CoreDataClass.swift */ = {isa = PBXFileReference; lastKnownFileType = sourcecode.swift; path = "VisitedRoomsMO+CoreDataClass.swift"; sourceTree = "<group>"; };
		05B49DF723F869750048CE9B /* VisitedRoomsMO+CoreDataProperties.swift */ = {isa = PBXFileReference; lastKnownFileType = sourcecode.swift; path = "VisitedRoomsMO+CoreDataProperties.swift"; sourceTree = "<group>"; };
		05DB389923F51A27008A4652 /* SettingsViewController.swift */ = {isa = PBXFileReference; lastKnownFileType = sourcecode.swift; path = SettingsViewController.swift; sourceTree = "<group>"; };
		05DB389B23F51BAD008A4652 /* LocationAuthViewController.swift */ = {isa = PBXFileReference; lastKnownFileType = sourcecode.swift; path = LocationAuthViewController.swift; sourceTree = "<group>"; };
		05DB389D23F51C37008A4652 /* BeaconDiscoveryViewController.swift */ = {isa = PBXFileReference; lastKnownFileType = sourcecode.swift; path = BeaconDiscoveryViewController.swift; sourceTree = "<group>"; };
		05F4D26823DCD0B500EC630D /* 1819 Mobile.app */ = {isa = PBXFileReference; explicitFileType = wrapper.application; includeInIndex = 0; path = "1819 Mobile.app"; sourceTree = BUILT_PRODUCTS_DIR; };
		05F4D26B23DCD0B500EC630D /* AppDelegate.swift */ = {isa = PBXFileReference; lastKnownFileType = sourcecode.swift; path = AppDelegate.swift; sourceTree = "<group>"; };
		05F4D26D23DCD0B500EC630D /* SceneDelegate.swift */ = {isa = PBXFileReference; lastKnownFileType = sourcecode.swift; path = SceneDelegate.swift; sourceTree = "<group>"; };
		05F4D26F23DCD0B500EC630D /* NavigationViewController.swift */ = {isa = PBXFileReference; lastKnownFileType = sourcecode.swift; path = NavigationViewController.swift; sourceTree = "<group>"; };
		05F4D27223DCD0B500EC630D /* Base */ = {isa = PBXFileReference; lastKnownFileType = file.storyboard; name = Base; path = Base.lproj/Main.storyboard; sourceTree = "<group>"; };
		05F4D27523DCD0B500EC630D /* _1819_Mobile.xcdatamodel */ = {isa = PBXFileReference; lastKnownFileType = wrapper.xcdatamodel; path = _1819_Mobile.xcdatamodel; sourceTree = "<group>"; };
		05F4D27723DCD0B700EC630D /* Assets.xcassets */ = {isa = PBXFileReference; lastKnownFileType = folder.assetcatalog; path = Assets.xcassets; sourceTree = "<group>"; };
		05F4D27A23DCD0B700EC630D /* Base */ = {isa = PBXFileReference; lastKnownFileType = file.storyboard; name = Base; path = Base.lproj/LaunchScreen.storyboard; sourceTree = "<group>"; };
		05F4D27C23DCD0B700EC630D /* Info.plist */ = {isa = PBXFileReference; lastKnownFileType = text.plist.xml; path = Info.plist; sourceTree = "<group>"; };
		05FA2EDD23F5E4F9003460DD /* RegistrationViewController.swift */ = {isa = PBXFileReference; lastKnownFileType = sourcecode.swift; path = RegistrationViewController.swift; sourceTree = "<group>"; };
		05FA2EDF23F65671003460DD /* validationHelper.swift */ = {isa = PBXFileReference; lastKnownFileType = sourcecode.swift; path = validationHelper.swift; sourceTree = "<group>"; };
		05FC58EC23FBAA7C00019129 /* FloorsMO+CoreDataClass.swift */ = {isa = PBXFileReference; lastKnownFileType = sourcecode.swift; path = "FloorsMO+CoreDataClass.swift"; sourceTree = "<group>"; };
		05FC58ED23FBAA7C00019129 /* FloorsMO+CoreDataProperties.swift */ = {isa = PBXFileReference; lastKnownFileType = sourcecode.swift; path = "FloorsMO+CoreDataProperties.swift"; sourceTree = "<group>"; };
		05FC58EE23FBAA7C00019129 /* PhotosMO+CoreDataClass.swift */ = {isa = PBXFileReference; lastKnownFileType = sourcecode.swift; path = "PhotosMO+CoreDataClass.swift"; sourceTree = "<group>"; };
		05FC58EF23FBAA7C00019129 /* PhotosMO+CoreDataProperties.swift */ = {isa = PBXFileReference; lastKnownFileType = sourcecode.swift; path = "PhotosMO+CoreDataProperties.swift"; sourceTree = "<group>"; };
		05FC58F023FBAA7C00019129 /* RoomsMO+CoreDataClass.swift */ = {isa = PBXFileReference; lastKnownFileType = sourcecode.swift; path = "RoomsMO+CoreDataClass.swift"; sourceTree = "<group>"; };
		05FC58F123FBAA7C00019129 /* RoomsMO+CoreDataProperties.swift */ = {isa = PBXFileReference; lastKnownFileType = sourcecode.swift; path = "RoomsMO+CoreDataProperties.swift"; sourceTree = "<group>"; };
		05FC58F923FBADE800019129 /* FloorAndRoomData.json */ = {isa = PBXFileReference; fileEncoding = 4; lastKnownFileType = text.json; path = FloorAndRoomData.json; sourceTree = "<group>"; };
		697D436175F2488C48BDE1F7 /* Pods__1819_Mobile.framework */ = {isa = PBXFileReference; explicitFileType = wrapper.framework; includeInIndex = 0; path = Pods__1819_Mobile.framework; sourceTree = BUILT_PRODUCTS_DIR; };
		7B150D7643A4DE08FE71DE2D /* Pods--1819 Mobile.release.xcconfig */ = {isa = PBXFileReference; includeInIndex = 1; lastKnownFileType = text.xcconfig; name = "Pods--1819 Mobile.release.xcconfig"; path = "Target Support Files/Pods--1819 Mobile/Pods--1819 Mobile.release.xcconfig"; sourceTree = "<group>"; };
		B761AB7D3E6E4C8D15F4175D /* Pods--1819 Mobile.debug.xcconfig */ = {isa = PBXFileReference; includeInIndex = 1; lastKnownFileType = text.xcconfig; name = "Pods--1819 Mobile.debug.xcconfig"; path = "Target Support Files/Pods--1819 Mobile/Pods--1819 Mobile.debug.xcconfig"; sourceTree = "<group>"; };
/* End PBXFileReference section */

/* Begin PBXFrameworksBuildPhase section */
		05F4D26523DCD0B500EC630D /* Frameworks */ = {
			isa = PBXFrameworksBuildPhase;
			buildActionMask = 2147483647;
			files = (
				77BAD09BDB78CF5205D59B51 /* Pods__1819_Mobile.framework in Frameworks */,
			);
			runOnlyForDeploymentPostprocessing = 0;
		};
/* End PBXFrameworksBuildPhase section */

/* Begin PBXGroup section */
		0531216323F12BA6008E6695 /* Model */ = {
			isa = PBXGroup;
			children = (
				05FC58F823FBAAA000019129 /* CoreDataModels */,
				0531215F23F12728008E6695 /* menuItem.swift */,
				053FF77823F44C4400CB4BED /* menuItemCell.swift */,
				05FA2EDF23F65671003460DD /* validationHelper.swift */,
				05B49DF323F8679A0048CE9B /* coreDataHelper.swift */,
			);
			path = Model;
			sourceTree = "<group>";
		};
		0531216423F12BC7008E6695 /* Data */ = {
			isa = PBXGroup;
			children = (
				05FC58F923FBADE800019129 /* FloorAndRoomData.json */,
				0531216123F12867008E6695 /* menuItems.swift */,
			);
			path = Data;
			sourceTree = "<group>";
		};
		05F4D25F23DCD0B500EC630D = {
			isa = PBXGroup;
			children = (
				05F4D26A23DCD0B500EC630D /* -1819 Mobile */,
				05F4D26923DCD0B500EC630D /* Products */,
				EB1ACB09BD50C661411F9F8B /* Pods */,
				31872226C1EC82BDDA1F3C92 /* Frameworks */,
			);
			sourceTree = "<group>";
		};
		05F4D26923DCD0B500EC630D /* Products */ = {
			isa = PBXGroup;
			children = (
				05F4D26823DCD0B500EC630D /* 1819 Mobile.app */,
			);
			name = Products;
			sourceTree = "<group>";
		};
		05F4D26A23DCD0B500EC630D /* -1819 Mobile */ = {
			isa = PBXGroup;
			children = (
				05F4D26B23DCD0B500EC630D /* AppDelegate.swift */,
				05F4D26D23DCD0B500EC630D /* SceneDelegate.swift */,
				0531216323F12BA6008E6695 /* Model */,
				05F4D28223DECC5700EC630D /* View */,
				05F4D28323DECCA000EC630D /* Controller */,
				05F4D27723DCD0B700EC630D /* Assets.xcassets */,
				05F4D27C23DCD0B700EC630D /* Info.plist */,
				05F4D27423DCD0B500EC630D /* _1819_Mobile.xcdatamodeld */,
				0531216423F12BC7008E6695 /* Data */,
			);
			path = "-1819 Mobile";
			sourceTree = "<group>";
		};
		05F4D28223DECC5700EC630D /* View */ = {
			isa = PBXGroup;
			children = (
				05F4D27123DCD0B500EC630D /* Main.storyboard */,
				05F4D27923DCD0B700EC630D /* LaunchScreen.storyboard */,
			);
			path = View;
			sourceTree = "<group>";
		};
		05F4D28323DECCA000EC630D /* Controller */ = {
			isa = PBXGroup;
			children = (
				05F4D26F23DCD0B500EC630D /* NavigationViewController.swift */,
				05DB389B23F51BAD008A4652 /* LocationAuthViewController.swift */,
				05DB389923F51A27008A4652 /* SettingsViewController.swift */,
				05DB389D23F51C37008A4652 /* BeaconDiscoveryViewController.swift */,
				05FA2EDD23F5E4F9003460DD /* RegistrationViewController.swift */,
			);
			path = Controller;
			sourceTree = "<group>";
		};
		05FC58F823FBAAA000019129 /* CoreDataModels */ = {
			isa = PBXGroup;
			children = (
				05FC58EC23FBAA7C00019129 /* FloorsMO+CoreDataClass.swift */,
				05FC58ED23FBAA7C00019129 /* FloorsMO+CoreDataProperties.swift */,
				05FC58EE23FBAA7C00019129 /* PhotosMO+CoreDataClass.swift */,
				05FC58EF23FBAA7C00019129 /* PhotosMO+CoreDataProperties.swift */,
				05FC58F023FBAA7C00019129 /* RoomsMO+CoreDataClass.swift */,
				05FC58F123FBAA7C00019129 /* RoomsMO+CoreDataProperties.swift */,
				05B49DF623F869750048CE9B /* VisitedRoomsMO+CoreDataClass.swift */,
				05B49DF723F869750048CE9B /* VisitedRoomsMO+CoreDataProperties.swift */,
			);
			path = CoreDataModels;
			sourceTree = "<group>";
		};
		31872226C1EC82BDDA1F3C92 /* Frameworks */ = {
			isa = PBXGroup;
			children = (
				697D436175F2488C48BDE1F7 /* Pods__1819_Mobile.framework */,
			);
			name = Frameworks;
			sourceTree = "<group>";
		};
		EB1ACB09BD50C661411F9F8B /* Pods */ = {
			isa = PBXGroup;
			children = (
				B761AB7D3E6E4C8D15F4175D /* Pods--1819 Mobile.debug.xcconfig */,
				7B150D7643A4DE08FE71DE2D /* Pods--1819 Mobile.release.xcconfig */,
			);
			path = Pods;
			sourceTree = "<group>";
		};
/* End PBXGroup section */

/* Begin PBXNativeTarget section */
		05F4D26723DCD0B500EC630D /* -1819 Mobile */ = {
			isa = PBXNativeTarget;
			buildConfigurationList = 05F4D27F23DCD0B700EC630D /* Build configuration list for PBXNativeTarget "-1819 Mobile" */;
			buildPhases = (
				7D963DB4B3634CD0F3DDDE98 /* [CP] Check Pods Manifest.lock */,
				05F4D26423DCD0B500EC630D /* Sources */,
				05F4D26523DCD0B500EC630D /* Frameworks */,
				05F4D26623DCD0B500EC630D /* Resources */,
				1FD4725E559CF0952BFAEE76 /* [CP] Embed Pods Frameworks */,
			);
			buildRules = (
			);
			dependencies = (
			);
			name = "-1819 Mobile";
			productName = "-1819 Mobile";
			productReference = 05F4D26823DCD0B500EC630D /* 1819 Mobile.app */;
			productType = "com.apple.product-type.application";
		};
/* End PBXNativeTarget section */

/* Begin PBXProject section */
		05F4D26023DCD0B500EC630D /* Project object */ = {
			isa = PBXProject;
			attributes = {
				LastSwiftUpdateCheck = 1130;
				LastUpgradeCheck = 1130;
				ORGANIZATIONNAME = "Chris Holschuh";
				TargetAttributes = {
					05F4D26723DCD0B500EC630D = {
						CreatedOnToolsVersion = 11.3.1;
					};
				};
			};
			buildConfigurationList = 05F4D26323DCD0B500EC630D /* Build configuration list for PBXProject "-1819 Mobile" */;
			compatibilityVersion = "Xcode 9.3";
			developmentRegion = en;
			hasScannedForEncodings = 0;
			knownRegions = (
				en,
				Base,
			);
			mainGroup = 05F4D25F23DCD0B500EC630D;
			productRefGroup = 05F4D26923DCD0B500EC630D /* Products */;
			projectDirPath = "";
			projectRoot = "";
			targets = (
				05F4D26723DCD0B500EC630D /* -1819 Mobile */,
			);
		};
/* End PBXProject section */

/* Begin PBXResourcesBuildPhase section */
		05F4D26623DCD0B500EC630D /* Resources */ = {
			isa = PBXResourcesBuildPhase;
			buildActionMask = 2147483647;
			files = (
				05F4D27B23DCD0B700EC630D /* LaunchScreen.storyboard in Resources */,
				05FC58FA23FBADE800019129 /* FloorAndRoomData.json in Resources */,
				05F4D27823DCD0B700EC630D /* Assets.xcassets in Resources */,
				05F4D27323DCD0B500EC630D /* Main.storyboard in Resources */,
			);
			runOnlyForDeploymentPostprocessing = 0;
		};
/* End PBXResourcesBuildPhase section */

/* Begin PBXShellScriptBuildPhase section */
		1FD4725E559CF0952BFAEE76 /* [CP] Embed Pods Frameworks */ = {
			isa = PBXShellScriptBuildPhase;
			buildActionMask = 2147483647;
			files = (
			);
			inputFileListPaths = (
				"${PODS_ROOT}/Target Support Files/Pods--1819 Mobile/Pods--1819 Mobile-frameworks-${CONFIGURATION}-input-files.xcfilelist",
			);
			name = "[CP] Embed Pods Frameworks";
			outputFileListPaths = (
				"${PODS_ROOT}/Target Support Files/Pods--1819 Mobile/Pods--1819 Mobile-frameworks-${CONFIGURATION}-output-files.xcfilelist",
			);
			runOnlyForDeploymentPostprocessing = 0;
			shellPath = /bin/sh;
			shellScript = "\"${PODS_ROOT}/Target Support Files/Pods--1819 Mobile/Pods--1819 Mobile-frameworks.sh\"\n";
			showEnvVarsInLog = 0;
		};
		7D963DB4B3634CD0F3DDDE98 /* [CP] Check Pods Manifest.lock */ = {
			isa = PBXShellScriptBuildPhase;
			buildActionMask = 2147483647;
			files = (
			);
			inputFileListPaths = (
			);
			inputPaths = (
				"${PODS_PODFILE_DIR_PATH}/Podfile.lock",
				"${PODS_ROOT}/Manifest.lock",
			);
			name = "[CP] Check Pods Manifest.lock";
			outputFileListPaths = (
			);
			outputPaths = (
				"$(DERIVED_FILE_DIR)/Pods--1819 Mobile-checkManifestLockResult.txt",
			);
			runOnlyForDeploymentPostprocessing = 0;
			shellPath = /bin/sh;
			shellScript = "diff \"${PODS_PODFILE_DIR_PATH}/Podfile.lock\" \"${PODS_ROOT}/Manifest.lock\" > /dev/null\nif [ $? != 0 ] ; then\n    # print error to STDERR\n    echo \"error: The sandbox is not in sync with the Podfile.lock. Run 'pod install' or update your CocoaPods installation.\" >&2\n    exit 1\nfi\n# This output is used by Xcode 'outputs' to avoid re-running this script phase.\necho \"SUCCESS\" > \"${SCRIPT_OUTPUT_FILE_0}\"\n";
			showEnvVarsInLog = 0;
		};
/* End PBXShellScriptBuildPhase section */

/* Begin PBXSourcesBuildPhase section */
		05F4D26423DCD0B500EC630D /* Sources */ = {
			isa = PBXSourcesBuildPhase;
			buildActionMask = 2147483647;
			files = (
				05F4D27023DCD0B500EC630D /* NavigationViewController.swift in Sources */,
				05B49DF923F869750048CE9B /* VisitedRoomsMO+CoreDataProperties.swift in Sources */,
				05B49DF423F8679A0048CE9B /* coreDataHelper.swift in Sources */,
				05FC58F323FBAA7C00019129 /* FloorsMO+CoreDataProperties.swift in Sources */,
				05FC58F523FBAA7C00019129 /* PhotosMO+CoreDataProperties.swift in Sources */,
				05F4D26C23DCD0B500EC630D /* AppDelegate.swift in Sources */,
				05FA2EE023F65671003460DD /* validationHelper.swift in Sources */,
				05F4D27623DCD0B500EC630D /* _1819_Mobile.xcdatamodeld in Sources */,
				053FF77923F44C4400CB4BED /* menuItemCell.swift in Sources */,
				0531216023F12728008E6695 /* menuItem.swift in Sources */,
				05FA2EDE23F5E4F9003460DD /* RegistrationViewController.swift in Sources */,
				05FC58F423FBAA7C00019129 /* PhotosMO+CoreDataClass.swift in Sources */,
				05F4D26E23DCD0B500EC630D /* SceneDelegate.swift in Sources */,
				05DB389C23F51BAD008A4652 /* LocationAuthViewController.swift in Sources */,
				0531216223F12867008E6695 /* menuItems.swift in Sources */,
				05FC58F723FBAA7C00019129 /* RoomsMO+CoreDataProperties.swift in Sources */,
				05FC58F223FBAA7C00019129 /* FloorsMO+CoreDataClass.swift in Sources */,
				05DB389A23F51A27008A4652 /* SettingsViewController.swift in Sources */,
				05DB389E23F51C37008A4652 /* BeaconDiscoveryViewController.swift in Sources */,
				05FC58F623FBAA7C00019129 /* RoomsMO+CoreDataClass.swift in Sources */,
				05B49DF823F869750048CE9B /* VisitedRoomsMO+CoreDataClass.swift in Sources */,
			);
			runOnlyForDeploymentPostprocessing = 0;
		};
/* End PBXSourcesBuildPhase section */

/* Begin PBXVariantGroup section */
		05F4D27123DCD0B500EC630D /* Main.storyboard */ = {
			isa = PBXVariantGroup;
			children = (
				05F4D27223DCD0B500EC630D /* Base */,
			);
			name = Main.storyboard;
			sourceTree = "<group>";
		};
		05F4D27923DCD0B700EC630D /* LaunchScreen.storyboard */ = {
			isa = PBXVariantGroup;
			children = (
				05F4D27A23DCD0B700EC630D /* Base */,
			);
			name = LaunchScreen.storyboard;
			sourceTree = "<group>";
		};
/* End PBXVariantGroup section */

/* Begin XCBuildConfiguration section */
		05F4D27D23DCD0B700EC630D /* Debug */ = {
			isa = XCBuildConfiguration;
			buildSettings = {
				ALWAYS_SEARCH_USER_PATHS = NO;
				CLANG_ANALYZER_NONNULL = YES;
				CLANG_ANALYZER_NUMBER_OBJECT_CONVERSION = YES_AGGRESSIVE;
				CLANG_CXX_LANGUAGE_STANDARD = "gnu++14";
				CLANG_CXX_LIBRARY = "libc++";
				CLANG_ENABLE_MODULES = YES;
				CLANG_ENABLE_OBJC_ARC = YES;
				CLANG_ENABLE_OBJC_WEAK = YES;
				CLANG_WARN_BLOCK_CAPTURE_AUTORELEASING = YES;
				CLANG_WARN_BOOL_CONVERSION = YES;
				CLANG_WARN_COMMA = YES;
				CLANG_WARN_CONSTANT_CONVERSION = YES;
				CLANG_WARN_DEPRECATED_OBJC_IMPLEMENTATIONS = YES;
				CLANG_WARN_DIRECT_OBJC_ISA_USAGE = YES_ERROR;
				CLANG_WARN_DOCUMENTATION_COMMENTS = YES;
				CLANG_WARN_EMPTY_BODY = YES;
				CLANG_WARN_ENUM_CONVERSION = YES;
				CLANG_WARN_INFINITE_RECURSION = YES;
				CLANG_WARN_INT_CONVERSION = YES;
				CLANG_WARN_NON_LITERAL_NULL_CONVERSION = YES;
				CLANG_WARN_OBJC_IMPLICIT_RETAIN_SELF = YES;
				CLANG_WARN_OBJC_LITERAL_CONVERSION = YES;
				CLANG_WARN_OBJC_ROOT_CLASS = YES_ERROR;
				CLANG_WARN_RANGE_LOOP_ANALYSIS = YES;
				CLANG_WARN_STRICT_PROTOTYPES = YES;
				CLANG_WARN_SUSPICIOUS_MOVE = YES;
				CLANG_WARN_UNGUARDED_AVAILABILITY = YES_AGGRESSIVE;
				CLANG_WARN_UNREACHABLE_CODE = YES;
				CLANG_WARN__DUPLICATE_METHOD_MATCH = YES;
				COPY_PHASE_STRIP = NO;
				DEBUG_INFORMATION_FORMAT = dwarf;
				ENABLE_STRICT_OBJC_MSGSEND = YES;
				ENABLE_TESTABILITY = YES;
				GCC_C_LANGUAGE_STANDARD = gnu11;
				GCC_DYNAMIC_NO_PIC = NO;
				GCC_NO_COMMON_BLOCKS = YES;
				GCC_OPTIMIZATION_LEVEL = 0;
				GCC_PREPROCESSOR_DEFINITIONS = (
					"DEBUG=1",
					"$(inherited)",
				);
				GCC_WARN_64_TO_32_BIT_CONVERSION = YES;
				GCC_WARN_ABOUT_RETURN_TYPE = YES_ERROR;
				GCC_WARN_UNDECLARED_SELECTOR = YES;
				GCC_WARN_UNINITIALIZED_AUTOS = YES_AGGRESSIVE;
				GCC_WARN_UNUSED_FUNCTION = YES;
				GCC_WARN_UNUSED_VARIABLE = YES;
				IPHONEOS_DEPLOYMENT_TARGET = 13.2;
				MTL_ENABLE_DEBUG_INFO = INCLUDE_SOURCE;
				MTL_FAST_MATH = YES;
				ONLY_ACTIVE_ARCH = YES;
				SDKROOT = iphoneos;
				SWIFT_ACTIVE_COMPILATION_CONDITIONS = DEBUG;
				SWIFT_OPTIMIZATION_LEVEL = "-Onone";
			};
			name = Debug;
		};
		05F4D27E23DCD0B700EC630D /* Release */ = {
			isa = XCBuildConfiguration;
			buildSettings = {
				ALWAYS_SEARCH_USER_PATHS = NO;
				CLANG_ANALYZER_NONNULL = YES;
				CLANG_ANALYZER_NUMBER_OBJECT_CONVERSION = YES_AGGRESSIVE;
				CLANG_CXX_LANGUAGE_STANDARD = "gnu++14";
				CLANG_CXX_LIBRARY = "libc++";
				CLANG_ENABLE_MODULES = YES;
				CLANG_ENABLE_OBJC_ARC = YES;
				CLANG_ENABLE_OBJC_WEAK = YES;
				CLANG_WARN_BLOCK_CAPTURE_AUTORELEASING = YES;
				CLANG_WARN_BOOL_CONVERSION = YES;
				CLANG_WARN_COMMA = YES;
				CLANG_WARN_CONSTANT_CONVERSION = YES;
				CLANG_WARN_DEPRECATED_OBJC_IMPLEMENTATIONS = YES;
				CLANG_WARN_DIRECT_OBJC_ISA_USAGE = YES_ERROR;
				CLANG_WARN_DOCUMENTATION_COMMENTS = YES;
				CLANG_WARN_EMPTY_BODY = YES;
				CLANG_WARN_ENUM_CONVERSION = YES;
				CLANG_WARN_INFINITE_RECURSION = YES;
				CLANG_WARN_INT_CONVERSION = YES;
				CLANG_WARN_NON_LITERAL_NULL_CONVERSION = YES;
				CLANG_WARN_OBJC_IMPLICIT_RETAIN_SELF = YES;
				CLANG_WARN_OBJC_LITERAL_CONVERSION = YES;
				CLANG_WARN_OBJC_ROOT_CLASS = YES_ERROR;
				CLANG_WARN_RANGE_LOOP_ANALYSIS = YES;
				CLANG_WARN_STRICT_PROTOTYPES = YES;
				CLANG_WARN_SUSPICIOUS_MOVE = YES;
				CLANG_WARN_UNGUARDED_AVAILABILITY = YES_AGGRESSIVE;
				CLANG_WARN_UNREACHABLE_CODE = YES;
				CLANG_WARN__DUPLICATE_METHOD_MATCH = YES;
				COPY_PHASE_STRIP = NO;
				DEBUG_INFORMATION_FORMAT = "dwarf-with-dsym";
				ENABLE_NS_ASSERTIONS = NO;
				ENABLE_STRICT_OBJC_MSGSEND = YES;
				GCC_C_LANGUAGE_STANDARD = gnu11;
				GCC_NO_COMMON_BLOCKS = YES;
				GCC_WARN_64_TO_32_BIT_CONVERSION = YES;
				GCC_WARN_ABOUT_RETURN_TYPE = YES_ERROR;
				GCC_WARN_UNDECLARED_SELECTOR = YES;
				GCC_WARN_UNINITIALIZED_AUTOS = YES_AGGRESSIVE;
				GCC_WARN_UNUSED_FUNCTION = YES;
				GCC_WARN_UNUSED_VARIABLE = YES;
				IPHONEOS_DEPLOYMENT_TARGET = 13.2;
				MTL_ENABLE_DEBUG_INFO = NO;
				MTL_FAST_MATH = YES;
				SDKROOT = iphoneos;
				SWIFT_COMPILATION_MODE = wholemodule;
				SWIFT_OPTIMIZATION_LEVEL = "-O";
				VALIDATE_PRODUCT = YES;
			};
			name = Release;
		};
		05F4D28023DCD0B700EC630D /* Debug */ = {
			isa = XCBuildConfiguration;
			baseConfigurationReference = B761AB7D3E6E4C8D15F4175D /* Pods--1819 Mobile.debug.xcconfig */;
			buildSettings = {
				ASSETCATALOG_COMPILER_APPICON_NAME = AppIcon;
				CODE_SIGN_STYLE = Automatic;
				DEVELOPMENT_TEAM = G887Y3KH63;
				INFOPLIST_FILE = "-1819 Mobile/Info.plist";
				IPHONEOS_DEPLOYMENT_TARGET = 12.0;
				LD_RUNPATH_SEARCH_PATHS = (
					"$(inherited)",
					"@executable_path/Frameworks",
				);
				PRODUCT_BUNDLE_IDENTIFIER = "com.holschuh.-1819-Mobile";
				PRODUCT_NAME = "1819 Mobile";
				SWIFT_VERSION = 5.0;
				TARGETED_DEVICE_FAMILY = "1,2";
			};
			name = Debug;
		};
		05F4D28123DCD0B700EC630D /* Release */ = {
			isa = XCBuildConfiguration;
			baseConfigurationReference = 7B150D7643A4DE08FE71DE2D /* Pods--1819 Mobile.release.xcconfig */;
			buildSettings = {
				ASSETCATALOG_COMPILER_APPICON_NAME = AppIcon;
				CODE_SIGN_STYLE = Automatic;
				DEVELOPMENT_TEAM = G887Y3KH63;
				INFOPLIST_FILE = "-1819 Mobile/Info.plist";
				IPHONEOS_DEPLOYMENT_TARGET = 12.0;
				LD_RUNPATH_SEARCH_PATHS = (
					"$(inherited)",
					"@executable_path/Frameworks",
				);
				PRODUCT_BUNDLE_IDENTIFIER = "com.holschuh.-1819-Mobile";
				PRODUCT_NAME = "1819 Mobile";
				SWIFT_VERSION = 5.0;
				TARGETED_DEVICE_FAMILY = "1,2";
			};
			name = Release;
		};
/* End XCBuildConfiguration section */

/* Begin XCConfigurationList section */
		05F4D26323DCD0B500EC630D /* Build configuration list for PBXProject "-1819 Mobile" */ = {
			isa = XCConfigurationList;
			buildConfigurations = (
				05F4D27D23DCD0B700EC630D /* Debug */,
				05F4D27E23DCD0B700EC630D /* Release */,
			);
			defaultConfigurationIsVisible = 0;
			defaultConfigurationName = Release;
		};
		05F4D27F23DCD0B700EC630D /* Build configuration list for PBXNativeTarget "-1819 Mobile" */ = {
			isa = XCConfigurationList;
			buildConfigurations = (
				05F4D28023DCD0B700EC630D /* Debug */,
				05F4D28123DCD0B700EC630D /* Release */,
			);
			defaultConfigurationIsVisible = 0;
			defaultConfigurationName = Release;
		};
/* End XCConfigurationList section */

/* Begin XCVersionGroup section */
		05F4D27423DCD0B500EC630D /* _1819_Mobile.xcdatamodeld */ = {
			isa = XCVersionGroup;
			children = (
				05F4D27523DCD0B500EC630D /* _1819_Mobile.xcdatamodel */,
			);
			currentVersion = 05F4D27523DCD0B500EC630D /* _1819_Mobile.xcdatamodel */;
			path = _1819_Mobile.xcdatamodeld;
			sourceTree = "<group>";
			versionGroupType = wrapper.xcdatamodel;
		};
/* End XCVersionGroup section */
	};
	rootObject = 05F4D26023DCD0B500EC630D /* Project object */;
}
